
Microsoft Visual Studio Solution File, Format Version 12.00
# Visual Studio Version 16
VisualStudioVersion = 16.0.29613.14
MinimumVisualStudioVersion = 10.0.40219.1
Project("{888888A0-9F3D-457C-B088-3A5042F75D52}") = "Mastermind-Tom-en-Teun", "Mastermind-Tom-en-Teun\Mastermind-Tom-en-Teun.pyproj", "{64041C7F-D6B0-4E37-A843-385077FEE5A2}"
EndProject
Global
	GlobalSection(SolutionConfigurationPlatforms) = preSolution
		Debug|Any CPU = Debug|Any CPU
		Release|Any CPU = Release|Any CPU
	EndGlobalSection
	GlobalSection(ProjectConfigurationPlatforms) = postSolution
		{64041C7F-D6B0-4E37-A843-385077FEE5A2}.Debug|Any CPU.ActiveCfg = Debug|Any CPU
		{64041C7F-D6B0-4E37-A843-385077FEE5A2}.Debug|Any CPU.Build.0 = Debug|Any CPU
		{64041C7F-D6B0-4E37-A843-385077FEE5A2}.Release|Any CPU.ActiveCfg = Release|Any CPU
		{64041C7F-D6B0-4E37-A843-385077FEE5A2}.Release|Any CPU.Build.0 = Release|Any CPU
	EndGlobalSection
	GlobalSection(SolutionProperties) = preSolution
		HideSolutionNode = FALSE
	EndGlobalSection
	GlobalSection(ExtensibilityGlobals) = postSolution
		SolutionGuid = {B9D28259-A254-43F5-BF4E-6F781D147E6C}
	EndGlobalSection
EndGlobal
